{
  "lockfileVersion": 1,
  "configVersion": 1,
  "workspaces": {
    "": {
      "name": "goodvibes-tui",
      "dependencies": {
        "@agentclientprotocol/sdk": "^0.16.1",
        "@ast-grep/napi": "^0.42.0",
        "fuse.js": "^7.1.0",
        "openai": "^6.29.0",
        "simple-git": "^3.33.0",
        "sql.js": "^1.14.1",
        "tree-sitter-css": "^0.25.0",
        "tree-sitter-javascript": "^0.25.0",
        "tree-sitter-json": "^0.24.8",
        "tree-sitter-python": "^0.25.0",
        "tree-sitter-typescript": "^0.23.2",
        "web-tree-sitter": "^0.26.7",
      },
      "devDependencies": {
        "@types/bun": "^1.3.10",
        "typescript": "^5.7.0",
      },
    },
  },
  "trustedDependencies": [
    "tree-sitter-python",
    "tree-sitter-css",
    "tree-sitter-javascript",
  ],
  "packages": {
    "@agentclientprotocol/sdk": ["@agentclientprotocol/sdk@0.16.1", "", { "peerDependencies": { "zod": "^3.25.0 || ^4.0.0" } }, "sha512-1ad+Sc/0sCtZGHthxxvgEUo5Wsbw16I+aF+YwdiLnPwkZG8KAGUEAPK6LM6Pf69lCyJPt1Aomk1d+8oE3C4ZEw=="],

    "@ast-grep/napi": ["@ast-grep/napi@0.42.0", "", { "optionalDependencies": { "@ast-grep/napi-darwin-arm64": "0.42.0", "@ast-grep/napi-darwin-x64": "0.42.0", "@ast-grep/napi-linux-arm64-gnu": "0.42.0", "@ast-grep/napi-linux-arm64-musl": "0.42.0", "@ast-grep/napi-linux-x64-gnu": "0.42.0", "@ast-grep/napi-linux-x64-musl": "0.42.0", "@ast-grep/napi-win32-arm64-msvc": "0.42.0", "@ast-grep/napi-win32-ia32-msvc": "0.42.0", "@ast-grep/napi-win32-x64-msvc": "0.42.0" } }, "sha512-f3DAjeC657EqbWN2In+girgbpvnKMV77bONyhuezXK4XQtvbGCB55u3CnNvQv6EP0caIBTtDHqO5CVyO6qY4LQ=="],

    "@ast-grep/napi-darwin-arm64": ["@ast-grep/napi-darwin-arm64@0.42.0", "", { "os": "darwin", "cpu": "arm64" }, "sha512-HOPvjsrsASvfkRJGCd/++KZvfDCtBx6v8DKTEzzlc6fQJlhiRMPKe8T4d5I2T2rgV5pHsyJLSBLqEK7m346NTw=="],

    "@ast-grep/napi-darwin-x64": ["@ast-grep/napi-darwin-x64@0.42.0", "", { "os": "darwin", "cpu": "x64" }, "sha512-q3jt+a6kDbXgbCSuIqaxjgLbTCDYGE2yb1o6metpsGbW+xVZR4ATYMJ8izyYhn2sQungTfUNn2/vo/2Bhbvpxg=="],

    "@ast-grep/napi-linux-arm64-gnu": ["@ast-grep/napi-linux-arm64-gnu@0.42.0", "", { "os": "linux", "cpu": "arm64" }, "sha512-+e2ThyRiBZATlcdgfrD7uYy9oWVS6/AdUTnC3xOwR+lCz80lr87kmcmeK6XN6hBwaqncBBkKV3ECMA8ibZPUZA=="],

    "@ast-grep/napi-linux-arm64-musl": ["@ast-grep/napi-linux-arm64-musl@0.42.0", "", { "os": "linux", "cpu": "arm64" }, "sha512-f/oW3KaHuOMuBkCcvI6R71xM9SvkdUVKHhbJEtBFo5D1j6CjY9ipWdjlk9mOJ2KLLM6uYdjjvkJkBPlPuFTukg=="],

    "@ast-grep/napi-linux-x64-gnu": ["@ast-grep/napi-linux-x64-gnu@0.42.0", "", { "os": "linux", "cpu": "x64" }, "sha512-y9T/Tm6V6zkmcAJlWXUO0ACYLSlk5o5NVU+AYun7NzDWIM86Y3lnoDF5WxeZKonVoaGAnkCXVlNH8Tsr/NTQWw=="],

    "@ast-grep/napi-linux-x64-musl": ["@ast-grep/napi-linux-x64-musl@0.42.0", "", { "os": "linux", "cpu": "x64" }, "sha512-t1PwL6YweDL63QDK3TC9QTKROcVgN4XoMxlp/zN2NYvCUM90mSvqh/Py/ouchzluHaqCzEeEp9089WFEDWwQOA=="],

    "@ast-grep/napi-win32-arm64-msvc": ["@ast-grep/napi-win32-arm64-msvc@0.42.0", "", { "os": "win32", "cpu": "arm64" }, "sha512-bxKLXF1JmU33BoJKrbWcGsG7Xmk2zCQaUjmeHrxhgBhg2w2zo3CSf5S6DOyOp13hefgLXBLn6oXNzXgqpX/+lA=="],

    "@ast-grep/napi-win32-ia32-msvc": ["@ast-grep/napi-win32-ia32-msvc@0.42.0", "", { "os": "win32", "cpu": "ia32" }, "sha512-+/XbHDN+558rXwB2BylWPHj/cczRGDKivToHS2120TGQePmUetspu93wltqzAD7SVJnBILc2sEK1T1/jutZEvw=="],

    "@ast-grep/napi-win32-x64-msvc": ["@ast-grep/napi-win32-x64-msvc@0.42.0", "", { "os": "win32", "cpu": "x64" }, "sha512-/5PTpk7EFuqwdJyKleX2gPztL5j73Nq/cdkEJQq1Fbx+ze+UM75JniW3D7J7WZygN58+EN9DAxpc2QOlK32urQ=="],

    "@kwsites/file-exists": ["@kwsites/file-exists@1.1.1", "", { "dependencies": { "debug": "^4.1.1" } }, "sha512-m9/5YGR18lIwxSFDwfE3oA7bWuq9kdau6ugN4H2rJeyhFQZcG9AgSHkQtSD15a8WvTgfz9aikZMrKPHvbpqFiw=="],

    "@kwsites/promise-deferred": ["@kwsites/promise-deferred@1.1.1", "", {}, "sha512-GaHYm+c0O9MjZRu0ongGBRbinu8gVAMd2UZjji6jVmqKtZluZnptXGWhz1E8j8D2HJ3f/yMxKAUC0b+57wncIw=="],

    "@types/bun": ["@types/bun@1.3.10", "", { "dependencies": { "bun-types": "1.3.10" } }, "sha512-0+rlrUrOrTSskibryHbvQkDOWRJwJZqZlxrUs1u4oOoTln8+WIXBPmAuCF35SWB2z4Zl3E84Nl/D0P7803nigQ=="],

    "@types/node": ["@types/node@25.5.0", "", { "dependencies": { "undici-types": "~7.18.0" } }, "sha512-jp2P3tQMSxWugkCUKLRPVUpGaL5MVFwF8RDuSRztfwgN1wmqJeMSbKlnEtQqU8UrhTmzEmZdu2I6v2dpp7XIxw=="],

    "bun-types": ["bun-types@1.3.10", "", { "dependencies": { "@types/node": "*" } }, "sha512-tcpfCCl6XWo6nCVnpcVrxQ+9AYN1iqMIzgrSKYMB/fjLtV2eyAVEg7AxQJuCq/26R6HpKWykQXuSOq/21RYcbg=="],

    "debug": ["debug@4.4.3", "", { "dependencies": { "ms": "^2.1.3" } }, "sha512-RGwwWnwQvkVfavKVt22FGLw+xYSdzARwm0ru6DhTVA3umU5hZc28V3kO4stgYryrTlLpuvgI9GiijltAjNbcqA=="],

    "fuse.js": ["fuse.js@7.1.0", "", {}, "sha512-trLf4SzuuUxfusZADLINj+dE8clK1frKdmqiJNb1Es75fmI5oY6X2mxLVUciLLjxqw/xr72Dhy+lER6dGd02FQ=="],

    "ms": ["ms@2.1.3", "", {}, "sha512-6FlzubTLZG3J2a/NVCAleEhjzq5oxgHyaCU9yYXvcLsvoVaHJq/s5xXI6/XXP6tz7R9xAOtHnSO/tXtF3WRTlA=="],

    "node-addon-api": ["node-addon-api@8.6.0", "", {}, "sha512-gBVjCaqDlRUk0EwoPNKzIr9KkS9041G/q31IBShPs1Xz6UTA+EXdZADbzqAJQrpDRq71CIMnOP5VMut3SL0z5Q=="],

    "node-gyp-build": ["node-gyp-build@4.8.4", "", { "bin": { "node-gyp-build": "bin.js", "node-gyp-build-optional": "optional.js", "node-gyp-build-test": "build-test.js" } }, "sha512-LA4ZjwlnUblHVgq0oBF3Jl/6h/Nvs5fzBLwdEF4nuxnFdsfajde4WfxtJr3CaiH+F6ewcIB/q4jQ4UzPyid+CQ=="],

    "openai": ["openai@6.29.0", "", { "peerDependencies": { "ws": "^8.18.0", "zod": "^3.25 || ^4.0" }, "optionalPeers": ["ws", "zod"], "bin": { "openai": "bin/cli" } }, "sha512-YxoArl2BItucdO89/sN6edksV0x47WUTgkgVfCgX7EuEMhbirENsgYe5oO4LTjBL9PtdKtk2WqND1gSLcTd2yw=="],

    "simple-git": ["simple-git@3.33.0", "", { "dependencies": { "@kwsites/file-exists": "^1.1.1", "@kwsites/promise-deferred": "^1.1.1", "debug": "^4.4.0" } }, "sha512-D4V/tGC2sjsoNhoMybKyGoE+v8A60hRawKQ1iFRA1zwuDgGZCBJ4ByOzZ5J8joBbi4Oam0qiPH+GhzmSBwbJng=="],

    "sql.js": ["sql.js@1.14.1", "", {}, "sha512-gcj8zBWU5cFsi9WUP+4bFNXAyF1iRpA3LLyS/DP5xlrNzGmPIizUeBggKa8DbDwdqaKwUcTEnChtd2grWo/x/A=="],

    "tree-sitter-css": ["tree-sitter-css@0.25.0", "", { "dependencies": { "node-addon-api": "^8.5.0", "node-gyp-build": "^4.8.4" }, "peerDependencies": { "tree-sitter": "^0.25.0" }, "optionalPeers": ["tree-sitter"] }, "sha512-FRc9R8ePrwJiUhZsuZ/wcFQ3K8Z+9yCgDrrUjuYswGWlN89UvcB9vslTUGZElQWGwhS8sUw3/r2n4lpb2sxT4Q=="],

    "tree-sitter-javascript": ["tree-sitter-javascript@0.25.0", "", { "dependencies": { "node-addon-api": "^8.3.1", "node-gyp-build": "^4.8.4" }, "peerDependencies": { "tree-sitter": "^0.25.0" }, "optionalPeers": ["tree-sitter"] }, "sha512-1fCbmzAskZkxcZzN41sFZ2br2iqTYP3tKls1b/HKGNPQUVOpsUxpmGxdN/wMqAk3jYZnYBR1dd/y/0avMeU7dw=="],

    "tree-sitter-json": ["tree-sitter-json@0.24.8", "", { "dependencies": { "node-addon-api": "^8.2.2", "node-gyp-build": "^4.8.2" }, "peerDependencies": { "tree-sitter": "^0.21.1" }, "optionalPeers": ["tree-sitter"] }, "sha512-Tc9ZZYwHyWZ3Tt1VEw7Pa2scu1YO7/d2BCBbKTx5hXwig3UfdQjsOPkPyLpDJOn/m1UBEWYAtSdGAwCSyagBqQ=="],

    "tree-sitter-python": ["tree-sitter-python@0.25.0", "", { "dependencies": { "node-addon-api": "^8.5.0", "node-gyp-build": "^4.8.4" }, "peerDependencies": { "tree-sitter": "^0.25.0" }, "optionalPeers": ["tree-sitter"] }, "sha512-eCmJx6zQa35GxaCtQD+wXHOhYqBxEL+bp71W/s3fcDMu06MrtzkVXR437dRrCrbrDbyLuUDJpAgycs7ncngLXw=="],

    "tree-sitter-typescript": ["tree-sitter-typescript@0.23.2", "", { "dependencies": { "node-addon-api": "^8.2.2", "node-gyp-build": "^4.8.2", "tree-sitter-javascript": "^0.23.1" }, "peerDependencies": { "tree-sitter": "^0.21.0" }, "optionalPeers": ["tree-sitter"] }, "sha512-e04JUUKxTT53/x3Uq1zIL45DoYKVfHH4CZqwgZhPg5qYROl5nQjV+85ruFzFGZxu+QeFVbRTPDRnqL9UbU4VeA=="],

    "typescript": ["typescript@5.9.3", "", { "bin": { "tsc": "bin/tsc", "tsserver": "bin/tsserver" } }, "sha512-jl1vZzPDinLr9eUt3J/t7V6FgNEw9QjvBPdysz9KfQDD41fQrC2Y4vKQdiaUpFT4bXlb1RHhLpp8wtm6M5TgSw=="],

    "undici-types": ["undici-types@7.18.2", "", {}, "sha512-AsuCzffGHJybSaRrmr5eHr81mwJU3kjw6M+uprWvCXiNeN9SOGwQ3Jn8jb8m3Z6izVgknn1R0FTCEAP2QrLY/w=="],

    "web-tree-sitter": ["web-tree-sitter@0.26.7", "", {}, "sha512-KiZhelTvBA/ziUHEO7Emb75cGVAq8iGZNabYaZm53Zpy50NsXyOW+xSHlwHt5CVg/TRPZBfeVLTTobF0LjFJ1w=="],

    "zod": ["zod@4.3.6", "", {}, "sha512-rftlrkhHZOcjDwkGlnUtZZkvaPHCsDATp4pGpuOOMDaTdDDXF91wuVDJoWoPsKX/3YPQ5fHuF3STjcYyKr+Qhg=="],

    "tree-sitter-typescript/tree-sitter-javascript": ["tree-sitter-javascript@0.23.1", "", { "dependencies": { "node-addon-api": "^8.2.2", "node-gyp-build": "^4.8.2" }, "peerDependencies": { "tree-sitter": "^0.21.1" }, "optionalPeers": ["tree-sitter"] }, "sha512-/bnhbrTD9frUYHQTiYnPcxyHORIw157ERBa6dqzaKxvR/x3PC4Yzd+D1pZIMS6zNg2v3a8BZ0oK7jHqsQo9fWA=="],
  }
}
